
Microsoft Visual Studio Solution File, Format Version 12.00
# Visual Studio Version 17
VisualStudioVersion = 17.0.31912.275
MinimumVisualStudioVersion = 10.0.40219.1
Project("{FAE04EC0-301F-11D3-BF4B-00C04F79EFBC}") = "copy_file_synch", "copy_file_synch\copy_file_synch.csproj", "{B7123217-6E7E-4AE2-A45C-0FC33AE0BE59}"
EndProject
Project("{FAE04EC0-301F-11D3-BF4B-00C04F79EFBC}") = "copy_file_asynch", "copy_file_asynch\copy_file_asynch.csproj", "{941CF875-EF75-4545-9FE5-85161BEDF670}"
EndProject
Global
	GlobalSection(SolutionConfigurationPlatforms) = preSolution
		Debug|Any CPU = Debug|Any CPU
		Release|Any CPU = Release|Any CPU
	EndGlobalSection
	GlobalSection(ProjectConfigurationPlatforms) = postSolution
		{B7123217-6E7E-4AE2-A45C-0FC33AE0BE59}.Debug|Any CPU.ActiveCfg = Debug|Any CPU
		{B7123217-6E7E-4AE2-A45C-0FC33AE0BE59}.Debug|Any CPU.Build.0 = Debug|Any CPU
		{B7123217-6E7E-4AE2-A45C-0FC33AE0BE59}.Release|Any CPU.ActiveCfg = Release|Any CPU
		{B7123217-6E7E-4AE2-A45C-0FC33AE0BE59}.Release|Any CPU.Build.0 = Release|Any CPU
		{941CF875-EF75-4545-9FE5-85161BEDF670}.Debug|Any CPU.ActiveCfg = Debug|Any CPU
		{941CF875-EF75-4545-9FE5-85161BEDF670}.Debug|Any CPU.Build.0 = Debug|Any CPU
		{941CF875-EF75-4545-9FE5-85161BEDF670}.Release|Any CPU.ActiveCfg = Release|Any CPU
		{941CF875-EF75-4545-9FE5-85161BEDF670}.Release|Any CPU.Build.0 = Release|Any CPU
	EndGlobalSection
	GlobalSection(SolutionProperties) = preSolution
		HideSolutionNode = FALSE
	EndGlobalSection
	GlobalSection(ExtensibilityGlobals) = postSolution
		SolutionGuid = {95E33550-FB1B-42CC-AE4B-56933CC93174}
	EndGlobalSection
EndGlobal
